// !$*UTF8*$!
{
	archiveVersion = 1;
	classes = {
	};
	objectVersion = 46;
	objects = {

/* Begin PBXBuildFile section */
		23F50D671F3C041A004B3E61 /* NSBundle+TZImagePicker.m in Sources */ = {isa = PBXBuildFile; fileRef = 23F50D4B1F3C0419004B3E61 /* NSBundle+TZImagePicker.m */; };
		23F50D681F3C041A004B3E61 /* TZAssetCell.m in Sources */ = {isa = PBXBuildFile; fileRef = 23F50D4D1F3C0419004B3E61 /* TZAssetCell.m */; };
		23F50D691F3C041A004B3E61 /* TZAssetModel.m in Sources */ = {isa = PBXBuildFile; fileRef = 23F50D4F1F3C0419004B3E61 /* TZAssetModel.m */; };
		23F50D6A1F3C041A004B3E61 /* TZGifPhotoPreviewController.m in Sources */ = {isa = PBXBuildFile; fileRef = 23F50D511F3C0419004B3E61 /* TZGifPhotoPreviewController.m */; };
		23F50D6B1F3C041A004B3E61 /* TZImageCropManager.m in Sources */ = {isa = PBXBuildFile; fileRef = 23F50D531F3C0419004B3E61 /* TZImageCropManager.m */; };
		23F50D6C1F3C041A004B3E61 /* TZImageManager.m in Sources */ = {isa = PBXBuildFile; fileRef = 23F50D551F3C041A004B3E61 /* TZImageManager.m */; };
		23F50D6D1F3C041A004B3E61 /* TZImagePickerController.m in Sources */ = {isa = PBXBuildFile; fileRef = 23F50D581F3C041A004B3E61 /* TZImagePickerController.m */; };
		23F50D6E1F3C041A004B3E61 /* TZLocationManager.m in Sources */ = {isa = PBXBuildFile; fileRef = 23F50D5A1F3C041A004B3E61 /* TZLocationManager.m */; };
		23F50D6F1F3C041A004B3E61 /* TZPhotoPickerController.m in Sources */ = {isa = PBXBuildFile; fileRef = 23F50D5C1F3C041A004B3E61 /* TZPhotoPickerController.m */; };
		23F50D701F3C041A004B3E61 /* TZPhotoPreviewCell.m in Sources */ = {isa = PBXBuildFile; fileRef = 23F50D5E1F3C041A004B3E61 /* TZPhotoPreviewCell.m */; };
		23F50D711F3C041A004B3E61 /* TZPhotoPreviewController.m in Sources */ = {isa = PBXBuildFile; fileRef = 23F50D601F3C041A004B3E61 /* TZPhotoPreviewController.m */; };
		23F50D721F3C041A004B3E61 /* TZProgressView.m in Sources */ = {isa = PBXBuildFile; fileRef = 23F50D621F3C041A004B3E61 /* TZProgressView.m */; };
		23F50D731F3C041A004B3E61 /* TZVideoPlayerController.m in Sources */ = {isa = PBXBuildFile; fileRef = 23F50D641F3C041A004B3E61 /* TZVideoPlayerController.m */; };
		23F50D741F3C041A004B3E61 /* UIView+Layout.m in Sources */ = {isa = PBXBuildFile; fileRef = 23F50D661F3C041A004B3E61 /* UIView+Layout.m */; };
		B3E7B58A1CC2AC0600A0062D /* RNSyanImagePicker.m in Sources */ = {isa = PBXBuildFile; fileRef = B3E7B5891CC2AC0600A0062D /* RNSyanImagePicker.m */; };
		EC236E871F978C3B00D528A5 /* NSDictionary+SYSafeConvert.m in Sources */ = {isa = PBXBuildFile; fileRef = EC236E861F978C3B00D528A5 /* NSDictionary+SYSafeConvert.m */; };
/* End PBXBuildFile section */

/* Begin PBXCopyFilesBuildPhase section */
		58B511D91A9E6C8500147676 /* CopyFiles */ = {
			isa = PBXCopyFilesBuildPhase;
			buildActionMask = 2147483647;
			dstPath = "include/$(PRODUCT_NAME)";
			dstSubfolderSpec = 16;
			files = (
			);
			runOnlyForDeploymentPostprocessing = 0;
		};
/* End PBXCopyFilesBuildPhase section */

/* Begin PBXFileReference section */
		134814201AA4EA6300B7C361 /* libRNSyanImagePicker.a */ = {isa = PBXFileReference; explicitFileType = archive.ar; includeInIndex = 0; path = libRNSyanImagePicker.a; sourceTree = BUILT_PRODUCTS_DIR; };
		23F50D4A1F3C0419004B3E61 /* NSBundle+TZImagePicker.h */ = {isa = PBXFileReference; fileEncoding = 4; lastKnownFileType = sourcecode.c.h; path = "NSBundle+TZImagePicker.h"; sourceTree = "<group>"; };
		23F50D4B1F3C0419004B3E61 /* NSBundle+TZImagePicker.m */ = {isa = PBXFileReference; fileEncoding = 4; lastKnownFileType = sourcecode.c.objc; path = "NSBundle+TZImagePicker.m"; sourceTree = "<group>"; };
		23F50D4C1F3C0419004B3E61 /* TZAssetCell.h */ = {isa = PBXFileReference; fileEncoding = 4; lastKnownFileType = sourcecode.c.h; path = TZAssetCell.h; sourceTree = "<group>"; };
		23F50D4D1F3C0419004B3E61 /* TZAssetCell.m */ = {isa = PBXFileReference; fileEncoding = 4; lastKnownFileType = sourcecode.c.objc; path = TZAssetCell.m; sourceTree = "<group>"; };
		23F50D4E1F3C0419004B3E61 /* TZAssetModel.h */ = {isa = PBXFileReference; fileEncoding = 4; lastKnownFileType = sourcecode.c.h; path = TZAssetModel.h; sourceTree = "<group>"; };
		23F50D4F1F3C0419004B3E61 /* TZAssetModel.m */ = {isa = PBXFileReference; fileEncoding = 4; lastKnownFileType = sourcecode.c.objc; path = TZAssetModel.m; sourceTree = "<group>"; };
		23F50D501F3C0419004B3E61 /* TZGifPhotoPreviewController.h */ = {isa = PBXFileReference; fileEncoding = 4; lastKnownFileType = sourcecode.c.h; path = TZGifPhotoPreviewController.h; sourceTree = "<group>"; };
		23F50D511F3C0419004B3E61 /* TZGifPhotoPreviewController.m */ = {isa = PBXFileReference; fileEncoding = 4; lastKnownFileType = sourcecode.c.objc; path = TZGifPhotoPreviewController.m; sourceTree = "<group>"; };
		23F50D521F3C0419004B3E61 /* TZImageCropManager.h */ = {isa = PBXFileReference; fileEncoding = 4; lastKnownFileType = sourcecode.c.h; path = TZImageCropManager.h; sourceTree = "<group>"; };
		23F50D531F3C0419004B3E61 /* TZImageCropManager.m */ = {isa = PBXFileReference; fileEncoding = 4; lastKnownFileType = sourcecode.c.objc; path = TZImageCropManager.m; sourceTree = "<group>"; };
		23F50D541F3C041A004B3E61 /* TZImageManager.h */ = {isa = PBXFileReference; fileEncoding = 4; lastKnownFileType = sourcecode.c.h; path = TZImageManager.h; sourceTree = "<group>"; };
		23F50D551F3C041A004B3E61 /* TZImageManager.m */ = {isa = PBXFileReference; fileEncoding = 4; lastKnownFileType = sourcecode.c.objc; path = TZImageManager.m; sourceTree = "<group>"; };
		23F50D561F3C041A004B3E61 /* TZImagePickerController.bundle */ = {isa = PBXFileReference; lastKnownFileType = "wrapper.plug-in"; path = TZImagePickerController.bundle; sourceTree = "<group>"; };
		23F50D571F3C041A004B3E61 /* TZImagePickerController.h */ = {isa = PBXFileReference; fileEncoding = 4; lastKnownFileType = sourcecode.c.h; path = TZImagePickerController.h; sourceTree = "<group>"; };
		23F50D581F3C041A004B3E61 /* TZImagePickerController.m */ = {isa = PBXFileReference; fileEncoding = 4; lastKnownFileType = sourcecode.c.objc; path = TZImagePickerController.m; sourceTree = "<group>"; };
		23F50D591F3C041A004B3E61 /* TZLocationManager.h */ = {isa = PBXFileReference; fileEncoding = 4; lastKnownFileType = sourcecode.c.h; path = TZLocationManager.h; sourceTree = "<group>"; };
		23F50D5A1F3C041A004B3E61 /* TZLocationManager.m */ = {isa = PBXFileReference; fileEncoding = 4; lastKnownFileType = sourcecode.c.objc; path = TZLocationManager.m; sourceTree = "<group>"; };
		23F50D5B1F3C041A004B3E61 /* TZPhotoPickerController.h */ = {isa = PBXFileReference; fileEncoding = 4; lastKnownFileType = sourcecode.c.h; path = TZPhotoPickerController.h; sourceTree = "<group>"; };
		23F50D5C1F3C041A004B3E61 /* TZPhotoPickerController.m */ = {isa = PBXFileReference; fileEncoding = 4; lastKnownFileType = sourcecode.c.objc; path = TZPhotoPickerController.m; sourceTree = "<group>"; };
		23F50D5D1F3C041A004B3E61 /* TZPhotoPreviewCell.h */ = {isa = PBXFileReference; fileEncoding = 4; lastKnownFileType = sourcecode.c.h; path = TZPhotoPreviewCell.h; sourceTree = "<group>"; };
		23F50D5E1F3C041A004B3E61 /* TZPhotoPreviewCell.m */ = {isa = PBXFileReference; fileEncoding = 4; lastKnownFileType = sourcecode.c.objc; path = TZPhotoPreviewCell.m; sourceTree = "<group>"; };
		23F50D5F1F3C041A004B3E61 /* TZPhotoPreviewController.h */ = {isa = PBXFileReference; fileEncoding = 4; lastKnownFileType = sourcecode.c.h; path = TZPhotoPreviewController.h; sourceTree = "<group>"; };
		23F50D601F3C041A004B3E61 /* TZPhotoPreviewController.m */ = {isa = PBXFileReference; fileEncoding = 4; lastKnownFileType = sourcecode.c.objc; path = TZPhotoPreviewController.m; sourceTree = "<group>"; };
		23F50D611F3C041A004B3E61 /* TZProgressView.h */ = {isa = PBXFileReference; fileEncoding = 4; lastKnownFileType = sourcecode.c.h; path = TZProgressView.h; sourceTree = "<group>"; };
		23F50D621F3C041A004B3E61 /* TZProgressView.m */ = {isa = PBXFileReference; fileEncoding = 4; lastKnownFileType = sourcecode.c.objc; path = TZProgressView.m; sourceTree = "<group>"; };
		23F50D631F3C041A004B3E61 /* TZVideoPlayerController.h */ = {isa = PBXFileReference; fileEncoding = 4; lastKnownFileType = sourcecode.c.h; path = TZVideoPlayerController.h; sourceTree = "<group>"; };
		23F50D641F3C041A004B3E61 /* TZVideoPlayerController.m */ = {isa = PBXFileReference; fileEncoding = 4; lastKnownFileType = sourcecode.c.objc; path = TZVideoPlayerController.m; sourceTree = "<group>"; };
		23F50D651F3C041A004B3E61 /* UIView+Layout.h */ = {isa = PBXFileReference; fileEncoding = 4; lastKnownFileType = sourcecode.c.h; path = "UIView+Layout.h"; sourceTree = "<group>"; };
		23F50D661F3C041A004B3E61 /* UIView+Layout.m */ = {isa = PBXFileReference; fileEncoding = 4; lastKnownFileType = sourcecode.c.objc; path = "UIView+Layout.m"; sourceTree = "<group>"; };
		B3E7B5881CC2AC0600A0062D /* RNSyanImagePicker.h */ = {isa = PBXFileReference; fileEncoding = 4; lastKnownFileType = sourcecode.c.h; path = RNSyanImagePicker.h; sourceTree = "<group>"; };
		B3E7B5891CC2AC0600A0062D /* RNSyanImagePicker.m */ = {isa = PBXFileReference; fileEncoding = 4; lastKnownFileType = sourcecode.c.objc; path = RNSyanImagePicker.m; sourceTree = "<group>"; };
		EC236E851F978C3B00D528A5 /* NSDictionary+SYSafeConvert.h */ = {isa = PBXFileReference; lastKnownFileType = sourcecode.c.h; path = "NSDictionary+SYSafeConvert.h"; sourceTree = "<group>"; };
		EC236E861F978C3B00D528A5 /* NSDictionary+SYSafeConvert.m */ = {isa = PBXFileReference; lastKnownFileType = sourcecode.c.objc; path = "NSDictionary+SYSafeConvert.m"; sourceTree = "<group>"; };
/* End PBXFileReference section */

/* Begin PBXFrameworksBuildPhase section */
		58B511D81A9E6C8500147676 /* Frameworks */ = {
			isa = PBXFrameworksBuildPhase;
			buildActionMask = 2147483647;
			files = (
			);
			runOnlyForDeploymentPostprocessing = 0;
		};
/* End PBXFrameworksBuildPhase section */

/* Begin PBXGroup section */
		134814211AA4EA7D00B7C361 /* Products */ = {
			isa = PBXGroup;
			children = (
				134814201AA4EA6300B7C361 /* libRNSyanImagePicker.a */,
			);
			name = Products;
			sourceTree = "<group>";
		};
		23F50D491F3C0419004B3E61 /* TZImagePickerController */ = {
			isa = PBXGroup;
			children = (
				23F50D4A1F3C0419004B3E61 /* NSBundle+TZImagePicker.h */,
				23F50D4B1F3C0419004B3E61 /* NSBundle+TZImagePicker.m */,
				23F50D4C1F3C0419004B3E61 /* TZAssetCell.h */,
				23F50D4D1F3C0419004B3E61 /* TZAssetCell.m */,
				23F50D4E1F3C0419004B3E61 /* TZAssetModel.h */,
				23F50D4F1F3C0419004B3E61 /* TZAssetModel.m */,
				23F50D501F3C0419004B3E61 /* TZGifPhotoPreviewController.h */,
				23F50D511F3C0419004B3E61 /* TZGifPhotoPreviewController.m */,
				23F50D521F3C0419004B3E61 /* TZImageCropManager.h */,
				23F50D531F3C0419004B3E61 /* TZImageCropManager.m */,
				23F50D541F3C041A004B3E61 /* TZImageManager.h */,
				23F50D551F3C041A004B3E61 /* TZImageManager.m */,
				23F50D561F3C041A004B3E61 /* TZImagePickerController.bundle */,
				23F50D571F3C041A004B3E61 /* TZImagePickerController.h */,
				23F50D581F3C041A004B3E61 /* TZImagePickerController.m */,
				23F50D591F3C041A004B3E61 /* TZLocationManager.h */,
				23F50D5A1F3C041A004B3E61 /* TZLocationManager.m */,
				23F50D5B1F3C041A004B3E61 /* TZPhotoPickerController.h */,
				23F50D5C1F3C041A004B3E61 /* TZPhotoPickerController.m */,
				23F50D5D1F3C041A004B3E61 /* TZPhotoPreviewCell.h */,
				23F50D5E1F3C041A004B3E61 /* TZPhotoPreviewCell.m */,
				23F50D5F1F3C041A004B3E61 /* TZPhotoPreviewController.h */,
				23F50D601F3C041A004B3E61 /* TZPhotoPreviewController.m */,
				23F50D611F3C041A004B3E61 /* TZProgressView.h */,
				23F50D621F3C041A004B3E61 /* TZProgressView.m */,
				23F50D631F3C041A004B3E61 /* TZVideoPlayerController.h */,
				23F50D641F3C041A004B3E61 /* TZVideoPlayerController.m */,
				23F50D651F3C041A004B3E61 /* UIView+Layout.h */,
				23F50D661F3C041A004B3E61 /* UIView+Layout.m */,
			);
			path = TZImagePickerController;
			sourceTree = "<group>";
		};
		58B511D21A9E6C8500147676 = {
			isa = PBXGroup;
			children = (
				EC236E851F978C3B00D528A5 /* NSDictionary+SYSafeConvert.h */,
				EC236E861F978C3B00D528A5 /* NSDictionary+SYSafeConvert.m */,
				23F50D491F3C0419004B3E61 /* TZImagePickerController */,
				B3E7B5881CC2AC0600A0062D /* RNSyanImagePicker.h */,
				B3E7B5891CC2AC0600A0062D /* RNSyanImagePicker.m */,
				134814211AA4EA7D00B7C361 /* Products */,
			);
			sourceTree = "<group>";
		};
/* End PBXGroup section */

/* Begin PBXNativeTarget section */
		58B511DA1A9E6C8500147676 /* RNSyanImagePicker */ = {
			isa = PBXNativeTarget;
			buildConfigurationList = 58B511EF1A9E6C8500147676 /* Build configuration list for PBXNativeTarget "RNSyanImagePicker" */;
			buildPhases = (
				58B511D71A9E6C8500147676 /* Sources */,
				58B511D81A9E6C8500147676 /* Frameworks */,
				58B511D91A9E6C8500147676 /* CopyFiles */,
			);
			buildRules = (
			);
			dependencies = (
			);
			name = RNSyanImagePicker;
			productName = RCTDataManager;
			productReference = 134814201AA4EA6300B7C361 /* libRNSyanImagePicker.a */;
			productType = "com.apple.product-type.library.static";
		};
/* End PBXNativeTarget section */

/* Begin PBXProject section */
		58B511D31A9E6C8500147676 /* Project object */ = {
			isa = PBXProject;
			attributes = {
				LastUpgradeCheck = 0610;
				ORGANIZATIONNAME = Facebook;
				TargetAttributes = {
					58B511DA1A9E6C8500147676 = {
						CreatedOnToolsVersion = 6.1.1;
					};
				};
			};
			buildConfigurationList = 58B511D61A9E6C8500147676 /* Build configuration list for PBXProject "RNSyanImagePicker" */;
			compatibilityVersion = "Xcode 3.2";
			developmentRegion = English;
			hasScannedForEncodings = 0;
			knownRegions = (
				en,
			);
			mainGroup = 58B511D21A9E6C8500147676;
			productRefGroup = 58B511D21A9E6C8500147676;
			projectDirPath = "";
			projectRoot = "";
			targets = (
				58B511DA1A9E6C8500147676 /* RNSyanImagePicker */,
			);
		};
/* End PBXProject section */

/* Begin PBXSourcesBuildPhase section */
		58B511D71A9E6C8500147676 /* Sources */ = {
			isa = PBXSourcesBuildPhase;
			buildActionMask = 2147483647;
			files = (
				23F50D6F1F3C041A004B3E61 /* TZPhotoPickerController.m in Sources */,
				23F50D691F3C041A004B3E61 /* TZAssetModel.m in Sources */,
				23F50D701F3C041A004B3E61 /* TZPhotoPreviewCell.m in Sources */,
				23F50D6C1F3C041A004B3E61 /* TZImageManager.m in Sources */,
				23F50D671F3C041A004B3E61 /* NSBundle+TZImagePicker.m in Sources */,
				23F50D6A1F3C041A004B3E61 /* TZGifPhotoPreviewController.m in Sources */,
				EC236E871F978C3B00D528A5 /* NSDictionary+SYSafeConvert.m in Sources */,
				23F50D6B1F3C041A004B3E61 /* TZImageCropManager.m in Sources */,
				23F50D711F3C041A004B3E61 /* TZPhotoPreviewController.m in Sources */,
				23F50D741F3C041A004B3E61 /* UIView+Layout.m in Sources */,
				23F50D731F3C041A004B3E61 /* TZVideoPlayerController.m in Sources */,
				23F50D721F3C041A004B3E61 /* TZProgressView.m in Sources */,
				23F50D6E1F3C041A004B3E61 /* TZLocationManager.m in Sources */,
				B3E7B58A1CC2AC0600A0062D /* RNSyanImagePicker.m in Sources */,
				23F50D681F3C041A004B3E61 /* TZAssetCell.m in Sources */,
				23F50D6D1F3C041A004B3E61 /* TZImagePickerController.m in Sources */,
			);
			runOnlyForDeploymentPostprocessing = 0;
		};
/* End PBXSourcesBuildPhase section */

/* Begin XCBuildConfiguration section */
		58B511ED1A9E6C8500147676 /* Debug */ = {
			isa = XCBuildConfiguration;
			buildSettings = {
				ALWAYS_SEARCH_USER_PATHS = NO;
				CLANG_CXX_LANGUAGE_STANDARD = "gnu++0x";
				CLANG_CXX_LIBRARY = "libc++";
				CLANG_ENABLE_MODULES = YES;
				CLANG_ENABLE_OBJC_ARC = YES;
				CLANG_WARN_BOOL_CONVERSION = YES;
				CLANG_WARN_CONSTANT_CONVERSION = YES;
				CLANG_WARN_DIRECT_OBJC_ISA_USAGE = YES_ERROR;
				CLANG_WARN_EMPTY_BODY = YES;
				CLANG_WARN_ENUM_CONVERSION = YES;
				CLANG_WARN_INT_CONVERSION = YES;
				CLANG_WARN_OBJC_ROOT_CLASS = YES_ERROR;
				CLANG_WARN_UNREACHABLE_CODE = YES;
				CLANG_WARN__DUPLICATE_METHOD_MATCH = YES;
				COPY_PHASE_STRIP = NO;
				ENABLE_STRICT_OBJC_MSGSEND = YES;
				GCC_C_LANGUAGE_STANDARD = gnu99;
				GCC_DYNAMIC_NO_PIC = NO;
				GCC_OPTIMIZATION_LEVEL = 0;
				GCC_PREPROCESSOR_DEFINITIONS = (
					"DEBUG=1",
					"$(inherited)",
				);
				GCC_SYMBOLS_PRIVATE_EXTERN = NO;
				GCC_WARN_64_TO_32_BIT_CONVERSION = YES;
				GCC_WARN_ABOUT_RETURN_TYPE = YES_ERROR;
				GCC_WARN_UNDECLARED_SELECTOR = YES;
				GCC_WARN_UNINITIALIZED_AUTOS = YES_AGGRESSIVE;
				GCC_WARN_UNUSED_FUNCTION = YES;
				GCC_WARN_UNUSED_VARIABLE = YES;
				IPHONEOS_DEPLOYMENT_TARGET = 7.0;
				MTL_ENABLE_DEBUG_INFO = YES;
				ONLY_ACTIVE_ARCH = YES;
				SDKROOT = iphoneos;
			};
			name = Debug;
		};
		58B511EE1A9E6C8500147676 /* Release */ = {
			isa = XCBuildConfiguration;
			buildSettings = {
				ALWAYS_SEARCH_USER_PATHS = NO;
				CLANG_CXX_LANGUAGE_STANDARD = "gnu++0x";
				CLANG_CXX_LIBRARY = "libc++";
				CLANG_ENABLE_MODULES = YES;
				CLANG_ENABLE_OBJC_ARC = YES;
				CLANG_WARN_BOOL_CONVERSION = YES;
				CLANG_WARN_CONSTANT_CONVERSION = YES;
				CLANG_WARN_DIRECT_OBJC_ISA_USAGE = YES_ERROR;
				CLANG_WARN_EMPTY_BODY = YES;
				CLANG_WARN_ENUM_CONVERSION = YES;
				CLANG_WARN_INT_CONVERSION = YES;
				CLANG_WARN_OBJC_ROOT_CLASS = YES_ERROR;
				CLANG_WARN_UNREACHABLE_CODE = YES;
				CLANG_WARN__DUPLICATE_METHOD_MATCH = YES;
				COPY_PHASE_STRIP = YES;
				ENABLE_NS_ASSERTIONS = NO;
				ENABLE_STRICT_OBJC_MSGSEND = YES;
				GCC_C_LANGUAGE_STANDARD = gnu99;
				GCC_WARN_64_TO_32_BIT_CONVERSION = YES;
				GCC_WARN_ABOUT_RETURN_TYPE = YES_ERROR;
				GCC_WARN_UNDECLARED_SELECTOR = YES;
				GCC_WARN_UNINITIALIZED_AUTOS = YES_AGGRESSIVE;
				GCC_WARN_UNUSED_FUNCTION = YES;
				GCC_WARN_UNUSED_VARIABLE = YES;
				IPHONEOS_DEPLOYMENT_TARGET = 7.0;
				MTL_ENABLE_DEBUG_INFO = NO;
				SDKROOT = iphoneos;
				VALIDATE_PRODUCT = YES;
			};
			name = Release;
		};
		58B511F01A9E6C8500147676 /* Debug */ = {
			isa = XCBuildConfiguration;
			buildSettings = {
				HEADER_SEARCH_PATHS = (
					"$(inherited)",
					"\"$(SRCROOT)/../../react-native/React\"",
				);
				LIBRARY_SEARCH_PATHS = "$(inherited)";
				OTHER_LDFLAGS = "-ObjC";
				PRODUCT_NAME = RNSyanImagePicker;
				SKIP_INSTALL = YES;
			};
			name = Debug;
		};
		58B511F11A9E6C8500147676 /* Release */ = {
			isa = XCBuildConfiguration;
			buildSettings = {
				HEADER_SEARCH_PATHS = (
					"$(inherited)",
					"\"$(SRCROOT)/../../react-native/React\"",
				);
				LIBRARY_SEARCH_PATHS = "$(inherited)";
				OTHER_LDFLAGS = "-ObjC";
				PRODUCT_NAME = RNSyanImagePicker;
				SKIP_INSTALL = YES;
			};
			name = Release;
		};
/* End XCBuildConfiguration section */

/* Begin XCConfigurationList section */
		58B511D61A9E6C8500147676 /* Build configuration list for PBXProject "RNSyanImagePicker" */ = {
			isa = XCConfigurationList;
			buildConfigurations = (
				58B511ED1A9E6C8500147676 /* Debug */,
				58B511EE1A9E6C8500147676 /* Release */,
			);
			defaultConfigurationIsVisible = 0;
			defaultConfigurationName = Release;
		};
		58B511EF1A9E6C8500147676 /* Build configuration list for PBXNativeTarget "RNSyanImagePicker" */ = {
			isa = XCConfigurationList;
			buildConfigurations = (
				58B511F01A9E6C8500147676 /* Debug */,
				58B511F11A9E6C8500147676 /* Release */,
			);
			defaultConfigurationIsVisible = 0;
			defaultConfigurationName = Release;
		};
/* End XCConfigurationList section */
	};
	rootObject = 58B511D31A9E6C8500147676 /* Project object */;
}
